<?xml version="1.0" encoding="utf-8"?>
<Project ToolsVersion="17.0" xmlns="http://schemas.microsoft.com/developer/msbuild/2003">
  <ItemGroup>
    <CustomBuild Include="C:\dev\utils\build_static_mt\CMakeFiles\132364936d109a8ef29e4df25359ea73\RUN_TESTS_force.rule">
      <Filter>CMake Rules</Filter>
    </CustomBuild>
  </ItemGroup>
  <ItemGroup>
    <Filter Include="CMake Rules">
      <UniqueIdentifier>{DBEAE3B0-54AD-3A2B-ACB5-261B23F3E476}</UniqueIdentifier>
    </Filter>
  </ItemGroup>
</Project>
