
Microsoft Visual Studio Solution File, Format Version 12.00
# Visual Studio Version 17
Project("{2150E333-8FDC-42A3-9474-1A3956D46DE8}") = "CMakePredefinedTargets", "CMakePredefinedTargets", "{67A7A8C7-8CC6-3899-8770-497A5089B0B0}"
EndProject
Project("{2150E333-8FDC-42A3-9474-1A3956D46DE8}") = "CTestDashboardTargets", "CTestDashboardTargets", "{7719E6FE-A092-3FCA-A44F-53BAAEB27D24}"
EndProject
Project("{8BC9CEB8-8B4A-11D0-8D11-00A0C91BC942}") = "ALL_BUILD", "ALL_BUILD.vcxproj", "{6EC1950C-D52C-3CB9-944B-BFDC83343E75}"
	ProjectSection(ProjectDependencies) = postProject
		{B7D4EC57-114F-3EDB-B7D6-2B1DEF3F1BA3} = {B7D4EC57-114F-3EDB-B7D6-2B1DEF3F1BA3}
		{75A15D60-B63C-3A29-A710-16D3DF9E18FD} = {75A15D60-B63C-3A29-A710-16D3DF9E18FD}
	EndProjectSection
EndProject
Project("{8BC9CEB8-8B4A-11D0-8D11-00A0C91BC942}") = "Continuous", "Continuous.vcxproj", "{9C6AD12E-5C8F-3FC3-B7CF-4925E8F8A5CE}"
	ProjectSection(ProjectDependencies) = postProject
		{B7D4EC57-114F-3EDB-B7D6-2B1DEF3F1BA3} = {B7D4EC57-114F-3EDB-B7D6-2B1DEF3F1BA3}
	EndProjectSection
EndProject
Project("{8BC9CEB8-8B4A-11D0-8D11-00A0C91BC942}") = "Experimental", "Experimental.vcxproj", "{CCFD5E67-CAF2-389D-B47A-4A3FBEE89F9D}"
	ProjectSection(ProjectDependencies) = postProject
		{B7D4EC57-114F-3EDB-B7D6-2B1DEF3F1BA3} = {B7D4EC57-114F-3EDB-B7D6-2B1DEF3F1BA3}
	EndProjectSection
EndProject
Project("{8BC9CEB8-8B4A-11D0-8D11-00A0C91BC942}") = "INSTALL", "INSTALL.vcxproj", "{629352FE-6F7E-3137-829A-471B2E87002F}"
	ProjectSection(ProjectDependencies) = postProject
		{6EC1950C-D52C-3CB9-944B-BFDC83343E75} = {6EC1950C-D52C-3CB9-944B-BFDC83343E75}
		{B7D4EC57-114F-3EDB-B7D6-2B1DEF3F1BA3} = {B7D4EC57-114F-3EDB-B7D6-2B1DEF3F1BA3}
	EndProjectSection
EndProject
Project("{8BC9CEB8-8B4A-11D0-8D11-00A0C91BC942}") = "Nightly", "Nightly.vcxproj", "{61AB82CE-56CB-3533-86F0-38DD41025728}"
	ProjectSection(ProjectDependencies) = postProject
		{B7D4EC57-114F-3EDB-B7D6-2B1DEF3F1BA3} = {B7D4EC57-114F-3EDB-B7D6-2B1DEF3F1BA3}
	EndProjectSection
EndProject
Project("{8BC9CEB8-8B4A-11D0-8D11-00A0C91BC942}") = "NightlyMemoryCheck", "NightlyMemoryCheck.vcxproj", "{BD021A0C-B8AF-3F2C-A303-DF6F67CA3619}"
	ProjectSection(ProjectDependencies) = postProject
		{B7D4EC57-114F-3EDB-B7D6-2B1DEF3F1BA3} = {B7D4EC57-114F-3EDB-B7D6-2B1DEF3F1BA3}
	EndProjectSection
EndProject
Project("{8BC9CEB8-8B4A-11D0-8D11-00A0C91BC942}") = "RUN_TESTS", "RUN_TESTS.vcxproj", "{747A590E-0B5B-3230-9D12-A9A836DABBB6}"
	ProjectSection(ProjectDependencies) = postProject
		{B7D4EC57-114F-3EDB-B7D6-2B1DEF3F1BA3} = {B7D4EC57-114F-3EDB-B7D6-2B1DEF3F1BA3}
	EndProjectSection
EndProject
Project("{8BC9CEB8-8B4A-11D0-8D11-00A0C91BC942}") = "ZERO_CHECK", "ZERO_CHECK.vcxproj", "{B7D4EC57-114F-3EDB-B7D6-2B1DEF3F1BA3}"
	ProjectSection(ProjectDependencies) = postProject
	EndProjectSection
EndProject
Project("{8BC9CEB8-8B4A-11D0-8D11-00A0C91BC942}") = "utils", "lib\utils.vcxproj", "{75A15D60-B63C-3A29-A710-16D3DF9E18FD}"
	ProjectSection(ProjectDependencies) = postProject
		{B7D4EC57-114F-3EDB-B7D6-2B1DEF3F1BA3} = {B7D4EC57-114F-3EDB-B7D6-2B1DEF3F1BA3}
	EndProjectSection
EndProject
Global
	GlobalSection(SolutionConfigurationPlatforms) = preSolution
		Debug|x64 = Debug|x64
		Release|x64 = Release|x64
		MinSizeRel|x64 = MinSizeRel|x64
		RelWithDebInfo|x64 = RelWithDebInfo|x64
	EndGlobalSection
	GlobalSection(ProjectConfigurationPlatforms) = postSolution
		{6EC1950C-D52C-3CB9-944B-BFDC83343E75}.Debug|x64.ActiveCfg = Debug|x64
		{6EC1950C-D52C-3CB9-944B-BFDC83343E75}.Debug|x64.Build.0 = Debug|x64
		{6EC1950C-D52C-3CB9-944B-BFDC83343E75}.Release|x64.ActiveCfg = Release|x64
		{6EC1950C-D52C-3CB9-944B-BFDC83343E75}.Release|x64.Build.0 = Release|x64
		{6EC1950C-D52C-3CB9-944B-BFDC83343E75}.MinSizeRel|x64.ActiveCfg = MinSizeRel|x64
		{6EC1950C-D52C-3CB9-944B-BFDC83343E75}.MinSizeRel|x64.Build.0 = MinSizeRel|x64
		{6EC1950C-D52C-3CB9-944B-BFDC83343E75}.RelWithDebInfo|x64.ActiveCfg = RelWithDebInfo|x64
		{6EC1950C-D52C-3CB9-944B-BFDC83343E75}.RelWithDebInfo|x64.Build.0 = RelWithDebInfo|x64
		{9C6AD12E-5C8F-3FC3-B7CF-4925E8F8A5CE}.Debug|x64.ActiveCfg = Debug|x64
		{9C6AD12E-5C8F-3FC3-B7CF-4925E8F8A5CE}.Release|x64.ActiveCfg = Release|x64
		{9C6AD12E-5C8F-3FC3-B7CF-4925E8F8A5CE}.MinSizeRel|x64.ActiveCfg = MinSizeRel|x64
		{9C6AD12E-5C8F-3FC3-B7CF-4925E8F8A5CE}.RelWithDebInfo|x64.ActiveCfg = RelWithDebInfo|x64
		{CCFD5E67-CAF2-389D-B47A-4A3FBEE89F9D}.Debug|x64.ActiveCfg = Debug|x64
		{CCFD5E67-CAF2-389D-B47A-4A3FBEE89F9D}.Release|x64.ActiveCfg = Release|x64
		{CCFD5E67-CAF2-389D-B47A-4A3FBEE89F9D}.MinSizeRel|x64.ActiveCfg = MinSizeRel|x64
		{CCFD5E67-CAF2-389D-B47A-4A3FBEE89F9D}.RelWithDebInfo|x64.ActiveCfg = RelWithDebInfo|x64
		{629352FE-6F7E-3137-829A-471B2E87002F}.Debug|x64.ActiveCfg = Debug|x64
		{629352FE-6F7E-3137-829A-471B2E87002F}.Release|x64.ActiveCfg = Release|x64
		{629352FE-6F7E-3137-829A-471B2E87002F}.MinSizeRel|x64.ActiveCfg = MinSizeRel|x64
		{629352FE-6F7E-3137-829A-471B2E87002F}.RelWithDebInfo|x64.ActiveCfg = RelWithDebInfo|x64
		{61AB82CE-56CB-3533-86F0-38DD41025728}.Debug|x64.ActiveCfg = Debug|x64
		{61AB82CE-56CB-3533-86F0-38DD41025728}.Release|x64.ActiveCfg = Release|x64
		{61AB82CE-56CB-3533-86F0-38DD41025728}.MinSizeRel|x64.ActiveCfg = MinSizeRel|x64
		{61AB82CE-56CB-3533-86F0-38DD41025728}.RelWithDebInfo|x64.ActiveCfg = RelWithDebInfo|x64
		{BD021A0C-B8AF-3F2C-A303-DF6F67CA3619}.Debug|x64.ActiveCfg = Debug|x64
		{BD021A0C-B8AF-3F2C-A303-DF6F67CA3619}.Release|x64.ActiveCfg = Release|x64
		{BD021A0C-B8AF-3F2C-A303-DF6F67CA3619}.MinSizeRel|x64.ActiveCfg = MinSizeRel|x64
		{BD021A0C-B8AF-3F2C-A303-DF6F67CA3619}.RelWithDebInfo|x64.ActiveCfg = RelWithDebInfo|x64
		{747A590E-0B5B-3230-9D12-A9A836DABBB6}.Debug|x64.ActiveCfg = Debug|x64
		{747A590E-0B5B-3230-9D12-A9A836DABBB6}.Release|x64.ActiveCfg = Release|x64
		{747A590E-0B5B-3230-9D12-A9A836DABBB6}.MinSizeRel|x64.ActiveCfg = MinSizeRel|x64
		{747A590E-0B5B-3230-9D12-A9A836DABBB6}.RelWithDebInfo|x64.ActiveCfg = RelWithDebInfo|x64
		{B7D4EC57-114F-3EDB-B7D6-2B1DEF3F1BA3}.Debug|x64.ActiveCfg = Debug|x64
		{B7D4EC57-114F-3EDB-B7D6-2B1DEF3F1BA3}.Debug|x64.Build.0 = Debug|x64
		{B7D4EC57-114F-3EDB-B7D6-2B1DEF3F1BA3}.Release|x64.ActiveCfg = Release|x64
		{B7D4EC57-114F-3EDB-B7D6-2B1DEF3F1BA3}.Release|x64.Build.0 = Release|x64
		{B7D4EC57-114F-3EDB-B7D6-2B1DEF3F1BA3}.MinSizeRel|x64.ActiveCfg = MinSizeRel|x64
		{B7D4EC57-114F-3EDB-B7D6-2B1DEF3F1BA3}.MinSizeRel|x64.Build.0 = MinSizeRel|x64
		{B7D4EC57-114F-3EDB-B7D6-2B1DEF3F1BA3}.RelWithDebInfo|x64.ActiveCfg = RelWithDebInfo|x64
		{B7D4EC57-114F-3EDB-B7D6-2B1DEF3F1BA3}.RelWithDebInfo|x64.Build.0 = RelWithDebInfo|x64
		{75A15D60-B63C-3A29-A710-16D3DF9E18FD}.Debug|x64.ActiveCfg = Debug|x64
		{75A15D60-B63C-3A29-A710-16D3DF9E18FD}.Debug|x64.Build.0 = Debug|x64
		{75A15D60-B63C-3A29-A710-16D3DF9E18FD}.Release|x64.ActiveCfg = Release|x64
		{75A15D60-B63C-3A29-A710-16D3DF9E18FD}.Release|x64.Build.0 = Release|x64
		{75A15D60-B63C-3A29-A710-16D3DF9E18FD}.MinSizeRel|x64.ActiveCfg = MinSizeRel|x64
		{75A15D60-B63C-3A29-A710-16D3DF9E18FD}.MinSizeRel|x64.Build.0 = MinSizeRel|x64
		{75A15D60-B63C-3A29-A710-16D3DF9E18FD}.RelWithDebInfo|x64.ActiveCfg = RelWithDebInfo|x64
		{75A15D60-B63C-3A29-A710-16D3DF9E18FD}.RelWithDebInfo|x64.Build.0 = RelWithDebInfo|x64
	EndGlobalSection
	GlobalSection(NestedProjects) = preSolution
		{6EC1950C-D52C-3CB9-944B-BFDC83343E75} = {67A7A8C7-8CC6-3899-8770-497A5089B0B0}
		{629352FE-6F7E-3137-829A-471B2E87002F} = {67A7A8C7-8CC6-3899-8770-497A5089B0B0}
		{747A590E-0B5B-3230-9D12-A9A836DABBB6} = {67A7A8C7-8CC6-3899-8770-497A5089B0B0}
		{B7D4EC57-114F-3EDB-B7D6-2B1DEF3F1BA3} = {67A7A8C7-8CC6-3899-8770-497A5089B0B0}
		{9C6AD12E-5C8F-3FC3-B7CF-4925E8F8A5CE} = {7719E6FE-A092-3FCA-A44F-53BAAEB27D24}
		{CCFD5E67-CAF2-389D-B47A-4A3FBEE89F9D} = {7719E6FE-A092-3FCA-A44F-53BAAEB27D24}
		{61AB82CE-56CB-3533-86F0-38DD41025728} = {7719E6FE-A092-3FCA-A44F-53BAAEB27D24}
		{BD021A0C-B8AF-3F2C-A303-DF6F67CA3619} = {7719E6FE-A092-3FCA-A44F-53BAAEB27D24}
	EndGlobalSection
	GlobalSection(ExtensibilityGlobals) = postSolution
		SolutionGuid = {D2920795-1D8A-3330-A4C7-7368451B5718}
	EndGlobalSection
	GlobalSection(ExtensibilityAddIns) = postSolution
	EndGlobalSection
EndGlobal
