<?xml version="1.0" encoding="utf-8"?>
<Project ToolsVersion="17.0" xmlns="http://schemas.microsoft.com/developer/msbuild/2003">
  <ItemGroup>
    <ClCompile Include="C:\dev\utils\lib\src\logger\spdlog_logger.cc">
      <Filter>src\logger</Filter>
    </ClCompile>
    <ClCompile Include="C:\dev\utils\lib\src\serialization\deserializer.cc">
      <Filter>src\serialization</Filter>
    </ClCompile>
    <ClCompile Include="C:\dev\utils\lib\src\serialization\serializer.cc">
      <Filter>src\serialization</Filter>
    </ClCompile>
    <ClCompile Include="C:\dev\utils\lib\src\condition_variable.cc">
      <Filter>src</Filter>
    </ClCompile>
    <ClCompile Include="C:\dev\utils\lib\src\log.cc">
      <Filter>src</Filter>
    </ClCompile>
  </ItemGroup>
  <ItemGroup>
    <ClInclude Include="C:\dev\utils\lib\include\wormhole\utils\condition_variable.h">
      <Filter>include\wormhole\utils</Filter>
    </ClInclude>
    <ClInclude Include="C:\dev\utils\lib\include\wormhole\utils\defer_call.h">
      <Filter>include\wormhole\utils</Filter>
    </ClInclude>
    <ClInclude Include="C:\dev\utils\lib\include\wormhole\utils\fast_pimpl.h">
      <Filter>include\wormhole\utils</Filter>
    </ClInclude>
    <ClInclude Include="C:\dev\utils\lib\include\wormhole\utils\log.h">
      <Filter>include\wormhole\utils</Filter>
    </ClInclude>
    <ClInclude Include="C:\dev\utils\lib\include\wormhole\utils\to_integral.h">
      <Filter>include\wormhole\utils</Filter>
    </ClInclude>
    <ClInclude Include="C:\dev\utils\lib\include\wormhole\utils\traits.h">
      <Filter>include\wormhole\utils</Filter>
    </ClInclude>
    <ClInclude Include="C:\dev\utils\lib\include\wormhole\utils\logger\ilogger.h">
      <Filter>include\wormhole\utils\logger</Filter>
    </ClInclude>
    <ClInclude Include="C:\dev\utils\lib\include\wormhole\utils\logger\level.h">
      <Filter>include\wormhole\utils\logger</Filter>
    </ClInclude>
    <ClInclude Include="C:\dev\utils\lib\include\wormhole\utils\logger\spdlog_logger.h">
      <Filter>include\wormhole\utils\logger</Filter>
    </ClInclude>
    <ClInclude Include="C:\dev\utils\lib\include\wormhole\utils\serialization\deserializer.h">
      <Filter>include\wormhole\utils\serialization</Filter>
    </ClInclude>
    <ClInclude Include="C:\dev\utils\lib\include\wormhole\utils\serialization\serializer.h">
      <Filter>include\wormhole\utils\serialization</Filter>
    </ClInclude>
  </ItemGroup>
  <ItemGroup>
    <CustomBuild Include="C:\dev\utils\lib\CMakeLists.txt" />
  </ItemGroup>
  <ItemGroup>
    <Filter Include="include">
      <UniqueIdentifier>{288A502D-CC93-319B-B1EC-F5EAFFCA14A3}</UniqueIdentifier>
    </Filter>
    <Filter Include="include\wormhole">
      <UniqueIdentifier>{62EBCDBC-0869-310A-ABE9-976DB9303FE2}</UniqueIdentifier>
    </Filter>
    <Filter Include="include\wormhole\utils">
      <UniqueIdentifier>{AED3C31B-AB31-391F-B4F8-7C39D6F7D48C}</UniqueIdentifier>
    </Filter>
    <Filter Include="include\wormhole\utils\logger">
      <UniqueIdentifier>{D0FE2CA0-A131-3B6C-B9F9-E9CAAB4551D0}</UniqueIdentifier>
    </Filter>
    <Filter Include="include\wormhole\utils\serialization">
      <UniqueIdentifier>{BB1B4D0D-6749-3BF3-B836-BE6D48142B9E}</UniqueIdentifier>
    </Filter>
    <Filter Include="src">
      <UniqueIdentifier>{6E5E7A4E-FC4F-3DE6-BBA2-9D8D8A64B98C}</UniqueIdentifier>
    </Filter>
    <Filter Include="src\logger">
      <UniqueIdentifier>{9A8826B5-9A4D-3E1F-B96F-565DEAC63192}</UniqueIdentifier>
    </Filter>
    <Filter Include="src\serialization">
      <UniqueIdentifier>{8DC0F4FE-4B65-3E45-B356-64356C2CE604}</UniqueIdentifier>
    </Filter>
  </ItemGroup>
</Project>
