
Microsoft Visual Studio Solution File, Format Version 12.00
# Visual Studio Version 17
Project("{2150E333-8FDC-42A3-9474-1A3956D46DE8}") = "CMakePredefinedTargets", "CMakePredefinedTargets", "{E1E4D9C0-3524-3A84-B679-3B69528941B1}"
EndProject
Project("{2150E333-8FDC-42A3-9474-1A3956D46DE8}") = "CTestDashboardTargets", "CTestDashboardTargets", "{78F6B903-FA38-3B1A-ADA6-0DD9A420B0AD}"
EndProject
Project("{8BC9CEB8-8B4A-11D0-8D11-00A0C91BC942}") = "ALL_BUILD", "ALL_BUILD.vcxproj", "{D0C90E43-2E56-3F31-92AB-641B66718115}"
	ProjectSection(ProjectDependencies) = postProject
		{9ACAAE53-C7AC-3A7B-B000-5EB8C844CB63} = {9ACAAE53-C7AC-3A7B-B000-5EB8C844CB63}
		{187B9AD3-2FEA-3E7C-8CA2-BA7A04E035A2} = {187B9AD3-2FEA-3E7C-8CA2-BA7A04E035A2}
	EndProjectSection
EndProject
Project("{8BC9CEB8-8B4A-11D0-8D11-00A0C91BC942}") = "Continuous", "Continuous.vcxproj", "{F3E2F9D5-7272-3378-AE76-51A64EE516EF}"
	ProjectSection(ProjectDependencies) = postProject
		{9ACAAE53-C7AC-3A7B-B000-5EB8C844CB63} = {9ACAAE53-C7AC-3A7B-B000-5EB8C844CB63}
	EndProjectSection
EndProject
Project("{8BC9CEB8-8B4A-11D0-8D11-00A0C91BC942}") = "Experimental", "Experimental.vcxproj", "{6559953D-8D0C-3DD2-8518-B8E378041E59}"
	ProjectSection(ProjectDependencies) = postProject
		{9ACAAE53-C7AC-3A7B-B000-5EB8C844CB63} = {9ACAAE53-C7AC-3A7B-B000-5EB8C844CB63}
	EndProjectSection
EndProject
Project("{8BC9CEB8-8B4A-11D0-8D11-00A0C91BC942}") = "INSTALL", "INSTALL.vcxproj", "{B5FC519E-8C80-3B98-936E-4579562EF138}"
	ProjectSection(ProjectDependencies) = postProject
		{D0C90E43-2E56-3F31-92AB-641B66718115} = {D0C90E43-2E56-3F31-92AB-641B66718115}
		{9ACAAE53-C7AC-3A7B-B000-5EB8C844CB63} = {9ACAAE53-C7AC-3A7B-B000-5EB8C844CB63}
	EndProjectSection
EndProject
Project("{8BC9CEB8-8B4A-11D0-8D11-00A0C91BC942}") = "Nightly", "Nightly.vcxproj", "{548A5C47-9C8F-3604-BE53-5C5C28CEE916}"
	ProjectSection(ProjectDependencies) = postProject
		{9ACAAE53-C7AC-3A7B-B000-5EB8C844CB63} = {9ACAAE53-C7AC-3A7B-B000-5EB8C844CB63}
	EndProjectSection
EndProject
Project("{8BC9CEB8-8B4A-11D0-8D11-00A0C91BC942}") = "NightlyMemoryCheck", "NightlyMemoryCheck.vcxproj", "{5E561773-85B0-39E9-9E47-B76AAF922DDF}"
	ProjectSection(ProjectDependencies) = postProject
		{9ACAAE53-C7AC-3A7B-B000-5EB8C844CB63} = {9ACAAE53-C7AC-3A7B-B000-5EB8C844CB63}
	EndProjectSection
EndProject
Project("{8BC9CEB8-8B4A-11D0-8D11-00A0C91BC942}") = "RUN_TESTS", "RUN_TESTS.vcxproj", "{62729917-8868-3030-BB8E-04A63F4B1D3E}"
	ProjectSection(ProjectDependencies) = postProject
		{9ACAAE53-C7AC-3A7B-B000-5EB8C844CB63} = {9ACAAE53-C7AC-3A7B-B000-5EB8C844CB63}
	EndProjectSection
EndProject
Project("{8BC9CEB8-8B4A-11D0-8D11-00A0C91BC942}") = "ZERO_CHECK", "ZERO_CHECK.vcxproj", "{9ACAAE53-C7AC-3A7B-B000-5EB8C844CB63}"
	ProjectSection(ProjectDependencies) = postProject
	EndProjectSection
EndProject
Project("{8BC9CEB8-8B4A-11D0-8D11-00A0C91BC942}") = "utils", "lib\utils.vcxproj", "{187B9AD3-2FEA-3E7C-8CA2-BA7A04E035A2}"
	ProjectSection(ProjectDependencies) = postProject
		{9ACAAE53-C7AC-3A7B-B000-5EB8C844CB63} = {9ACAAE53-C7AC-3A7B-B000-5EB8C844CB63}
	EndProjectSection
EndProject
Global
	GlobalSection(SolutionConfigurationPlatforms) = preSolution
		Debug|x64 = Debug|x64
		Release|x64 = Release|x64
		MinSizeRel|x64 = MinSizeRel|x64
		RelWithDebInfo|x64 = RelWithDebInfo|x64
	EndGlobalSection
	GlobalSection(ProjectConfigurationPlatforms) = postSolution
		{D0C90E43-2E56-3F31-92AB-641B66718115}.Debug|x64.ActiveCfg = Debug|x64
		{D0C90E43-2E56-3F31-92AB-641B66718115}.Debug|x64.Build.0 = Debug|x64
		{D0C90E43-2E56-3F31-92AB-641B66718115}.Release|x64.ActiveCfg = Release|x64
		{D0C90E43-2E56-3F31-92AB-641B66718115}.Release|x64.Build.0 = Release|x64
		{D0C90E43-2E56-3F31-92AB-641B66718115}.MinSizeRel|x64.ActiveCfg = MinSizeRel|x64
		{D0C90E43-2E56-3F31-92AB-641B66718115}.MinSizeRel|x64.Build.0 = MinSizeRel|x64
		{D0C90E43-2E56-3F31-92AB-641B66718115}.RelWithDebInfo|x64.ActiveCfg = RelWithDebInfo|x64
		{D0C90E43-2E56-3F31-92AB-641B66718115}.RelWithDebInfo|x64.Build.0 = RelWithDebInfo|x64
		{F3E2F9D5-7272-3378-AE76-51A64EE516EF}.Debug|x64.ActiveCfg = Debug|x64
		{F3E2F9D5-7272-3378-AE76-51A64EE516EF}.Release|x64.ActiveCfg = Release|x64
		{F3E2F9D5-7272-3378-AE76-51A64EE516EF}.MinSizeRel|x64.ActiveCfg = MinSizeRel|x64
		{F3E2F9D5-7272-3378-AE76-51A64EE516EF}.RelWithDebInfo|x64.ActiveCfg = RelWithDebInfo|x64
		{6559953D-8D0C-3DD2-8518-B8E378041E59}.Debug|x64.ActiveCfg = Debug|x64
		{6559953D-8D0C-3DD2-8518-B8E378041E59}.Release|x64.ActiveCfg = Release|x64
		{6559953D-8D0C-3DD2-8518-B8E378041E59}.MinSizeRel|x64.ActiveCfg = MinSizeRel|x64
		{6559953D-8D0C-3DD2-8518-B8E378041E59}.RelWithDebInfo|x64.ActiveCfg = RelWithDebInfo|x64
		{B5FC519E-8C80-3B98-936E-4579562EF138}.Debug|x64.ActiveCfg = Debug|x64
		{B5FC519E-8C80-3B98-936E-4579562EF138}.Release|x64.ActiveCfg = Release|x64
		{B5FC519E-8C80-3B98-936E-4579562EF138}.MinSizeRel|x64.ActiveCfg = MinSizeRel|x64
		{B5FC519E-8C80-3B98-936E-4579562EF138}.RelWithDebInfo|x64.ActiveCfg = RelWithDebInfo|x64
		{548A5C47-9C8F-3604-BE53-5C5C28CEE916}.Debug|x64.ActiveCfg = Debug|x64
		{548A5C47-9C8F-3604-BE53-5C5C28CEE916}.Release|x64.ActiveCfg = Release|x64
		{548A5C47-9C8F-3604-BE53-5C5C28CEE916}.MinSizeRel|x64.ActiveCfg = MinSizeRel|x64
		{548A5C47-9C8F-3604-BE53-5C5C28CEE916}.RelWithDebInfo|x64.ActiveCfg = RelWithDebInfo|x64
		{5E561773-85B0-39E9-9E47-B76AAF922DDF}.Debug|x64.ActiveCfg = Debug|x64
		{5E561773-85B0-39E9-9E47-B76AAF922DDF}.Release|x64.ActiveCfg = Release|x64
		{5E561773-85B0-39E9-9E47-B76AAF922DDF}.MinSizeRel|x64.ActiveCfg = MinSizeRel|x64
		{5E561773-85B0-39E9-9E47-B76AAF922DDF}.RelWithDebInfo|x64.ActiveCfg = RelWithDebInfo|x64
		{62729917-8868-3030-BB8E-04A63F4B1D3E}.Debug|x64.ActiveCfg = Debug|x64
		{62729917-8868-3030-BB8E-04A63F4B1D3E}.Release|x64.ActiveCfg = Release|x64
		{62729917-8868-3030-BB8E-04A63F4B1D3E}.MinSizeRel|x64.ActiveCfg = MinSizeRel|x64
		{62729917-8868-3030-BB8E-04A63F4B1D3E}.RelWithDebInfo|x64.ActiveCfg = RelWithDebInfo|x64
		{9ACAAE53-C7AC-3A7B-B000-5EB8C844CB63}.Debug|x64.ActiveCfg = Debug|x64
		{9ACAAE53-C7AC-3A7B-B000-5EB8C844CB63}.Debug|x64.Build.0 = Debug|x64
		{9ACAAE53-C7AC-3A7B-B000-5EB8C844CB63}.Release|x64.ActiveCfg = Release|x64
		{9ACAAE53-C7AC-3A7B-B000-5EB8C844CB63}.Release|x64.Build.0 = Release|x64
		{9ACAAE53-C7AC-3A7B-B000-5EB8C844CB63}.MinSizeRel|x64.ActiveCfg = MinSizeRel|x64
		{9ACAAE53-C7AC-3A7B-B000-5EB8C844CB63}.MinSizeRel|x64.Build.0 = MinSizeRel|x64
		{9ACAAE53-C7AC-3A7B-B000-5EB8C844CB63}.RelWithDebInfo|x64.ActiveCfg = RelWithDebInfo|x64
		{9ACAAE53-C7AC-3A7B-B000-5EB8C844CB63}.RelWithDebInfo|x64.Build.0 = RelWithDebInfo|x64
		{187B9AD3-2FEA-3E7C-8CA2-BA7A04E035A2}.Debug|x64.ActiveCfg = Debug|x64
		{187B9AD3-2FEA-3E7C-8CA2-BA7A04E035A2}.Debug|x64.Build.0 = Debug|x64
		{187B9AD3-2FEA-3E7C-8CA2-BA7A04E035A2}.Release|x64.ActiveCfg = Release|x64
		{187B9AD3-2FEA-3E7C-8CA2-BA7A04E035A2}.Release|x64.Build.0 = Release|x64
		{187B9AD3-2FEA-3E7C-8CA2-BA7A04E035A2}.MinSizeRel|x64.ActiveCfg = MinSizeRel|x64
		{187B9AD3-2FEA-3E7C-8CA2-BA7A04E035A2}.MinSizeRel|x64.Build.0 = MinSizeRel|x64
		{187B9AD3-2FEA-3E7C-8CA2-BA7A04E035A2}.RelWithDebInfo|x64.ActiveCfg = RelWithDebInfo|x64
		{187B9AD3-2FEA-3E7C-8CA2-BA7A04E035A2}.RelWithDebInfo|x64.Build.0 = RelWithDebInfo|x64
	EndGlobalSection
	GlobalSection(NestedProjects) = preSolution
		{D0C90E43-2E56-3F31-92AB-641B66718115} = {E1E4D9C0-3524-3A84-B679-3B69528941B1}
		{B5FC519E-8C80-3B98-936E-4579562EF138} = {E1E4D9C0-3524-3A84-B679-3B69528941B1}
		{62729917-8868-3030-BB8E-04A63F4B1D3E} = {E1E4D9C0-3524-3A84-B679-3B69528941B1}
		{9ACAAE53-C7AC-3A7B-B000-5EB8C844CB63} = {E1E4D9C0-3524-3A84-B679-3B69528941B1}
		{F3E2F9D5-7272-3378-AE76-51A64EE516EF} = {78F6B903-FA38-3B1A-ADA6-0DD9A420B0AD}
		{6559953D-8D0C-3DD2-8518-B8E378041E59} = {78F6B903-FA38-3B1A-ADA6-0DD9A420B0AD}
		{548A5C47-9C8F-3604-BE53-5C5C28CEE916} = {78F6B903-FA38-3B1A-ADA6-0DD9A420B0AD}
		{5E561773-85B0-39E9-9E47-B76AAF922DDF} = {78F6B903-FA38-3B1A-ADA6-0DD9A420B0AD}
	EndGlobalSection
	GlobalSection(ExtensibilityGlobals) = postSolution
		SolutionGuid = {D8391ED0-E0B5-3402-9493-7F8CD9D62268}
	EndGlobalSection
	GlobalSection(ExtensibilityAddIns) = postSolution
	EndGlobalSection
EndGlobal
