
Microsoft Visual Studio Solution File, Format Version 12.00
# Visual Studio Version 17
Project("{2150E333-8FDC-42A3-9474-1A3956D46DE8}") = "CMakePredefinedTargets", "CMakePredefinedTargets", "{8573F721-B2B1-3314-8614-36A5DB5FA80E}"
EndProject
Project("{2150E333-8FDC-42A3-9474-1A3956D46DE8}") = "CTestDashboardTargets", "CTestDashboardTargets", "{A56C2981-BF10-3A2C-9B45-D570AFF03042}"
EndProject
Project("{8BC9CEB8-8B4A-11D0-8D11-00A0C91BC942}") = "ALL_BUILD", "ALL_BUILD.vcxproj", "{3967CC41-A6F2-33AD-8E89-D0664C6A3FBF}"
	ProjectSection(ProjectDependencies) = postProject
		{772AE2A0-1168-3051-B5F4-8254924B5A01} = {772AE2A0-1168-3051-B5F4-8254924B5A01}
		{D209E81E-EE84-3DCB-9166-8B1B96C66122} = {D209E81E-EE84-3DCB-9166-8B1B96C66122}
	EndProjectSection
EndProject
Project("{8BC9CEB8-8B4A-11D0-8D11-00A0C91BC942}") = "Continuous", "Continuous.vcxproj", "{CBC6ED67-E1D2-3B8B-82E3-1AA0C66577FB}"
	ProjectSection(ProjectDependencies) = postProject
		{772AE2A0-1168-3051-B5F4-8254924B5A01} = {772AE2A0-1168-3051-B5F4-8254924B5A01}
	EndProjectSection
EndProject
Project("{8BC9CEB8-8B4A-11D0-8D11-00A0C91BC942}") = "Experimental", "Experimental.vcxproj", "{0F312AC8-E683-3EB1-B08E-767A6FBE3890}"
	ProjectSection(ProjectDependencies) = postProject
		{772AE2A0-1168-3051-B5F4-8254924B5A01} = {772AE2A0-1168-3051-B5F4-8254924B5A01}
	EndProjectSection
EndProject
Project("{8BC9CEB8-8B4A-11D0-8D11-00A0C91BC942}") = "INSTALL", "INSTALL.vcxproj", "{C23BC87C-3BAE-3B5D-A412-86D1100681D7}"
	ProjectSection(ProjectDependencies) = postProject
		{3967CC41-A6F2-33AD-8E89-D0664C6A3FBF} = {3967CC41-A6F2-33AD-8E89-D0664C6A3FBF}
		{772AE2A0-1168-3051-B5F4-8254924B5A01} = {772AE2A0-1168-3051-B5F4-8254924B5A01}
	EndProjectSection
EndProject
Project("{8BC9CEB8-8B4A-11D0-8D11-00A0C91BC942}") = "Nightly", "Nightly.vcxproj", "{7E729B5E-AF0C-3578-8645-344806DFF6AB}"
	ProjectSection(ProjectDependencies) = postProject
		{772AE2A0-1168-3051-B5F4-8254924B5A01} = {772AE2A0-1168-3051-B5F4-8254924B5A01}
	EndProjectSection
EndProject
Project("{8BC9CEB8-8B4A-11D0-8D11-00A0C91BC942}") = "NightlyMemoryCheck", "NightlyMemoryCheck.vcxproj", "{6E1A693C-06A8-327B-8701-67415C984577}"
	ProjectSection(ProjectDependencies) = postProject
		{772AE2A0-1168-3051-B5F4-8254924B5A01} = {772AE2A0-1168-3051-B5F4-8254924B5A01}
	EndProjectSection
EndProject
Project("{8BC9CEB8-8B4A-11D0-8D11-00A0C91BC942}") = "RUN_TESTS", "RUN_TESTS.vcxproj", "{4B2D4E31-36E4-3E86-B0DC-864C2A297069}"
	ProjectSection(ProjectDependencies) = postProject
		{772AE2A0-1168-3051-B5F4-8254924B5A01} = {772AE2A0-1168-3051-B5F4-8254924B5A01}
	EndProjectSection
EndProject
Project("{8BC9CEB8-8B4A-11D0-8D11-00A0C91BC942}") = "ZERO_CHECK", "ZERO_CHECK.vcxproj", "{772AE2A0-1168-3051-B5F4-8254924B5A01}"
	ProjectSection(ProjectDependencies) = postProject
	EndProjectSection
EndProject
Project("{8BC9CEB8-8B4A-11D0-8D11-00A0C91BC942}") = "utils", "lib\utils.vcxproj", "{D209E81E-EE84-3DCB-9166-8B1B96C66122}"
	ProjectSection(ProjectDependencies) = postProject
		{772AE2A0-1168-3051-B5F4-8254924B5A01} = {772AE2A0-1168-3051-B5F4-8254924B5A01}
	EndProjectSection
EndProject
Global
	GlobalSection(SolutionConfigurationPlatforms) = preSolution
		Debug|x64 = Debug|x64
		Release|x64 = Release|x64
		MinSizeRel|x64 = MinSizeRel|x64
		RelWithDebInfo|x64 = RelWithDebInfo|x64
	EndGlobalSection
	GlobalSection(ProjectConfigurationPlatforms) = postSolution
		{3967CC41-A6F2-33AD-8E89-D0664C6A3FBF}.Debug|x64.ActiveCfg = Debug|x64
		{3967CC41-A6F2-33AD-8E89-D0664C6A3FBF}.Debug|x64.Build.0 = Debug|x64
		{3967CC41-A6F2-33AD-8E89-D0664C6A3FBF}.Release|x64.ActiveCfg = Release|x64
		{3967CC41-A6F2-33AD-8E89-D0664C6A3FBF}.Release|x64.Build.0 = Release|x64
		{3967CC41-A6F2-33AD-8E89-D0664C6A3FBF}.MinSizeRel|x64.ActiveCfg = MinSizeRel|x64
		{3967CC41-A6F2-33AD-8E89-D0664C6A3FBF}.MinSizeRel|x64.Build.0 = MinSizeRel|x64
		{3967CC41-A6F2-33AD-8E89-D0664C6A3FBF}.RelWithDebInfo|x64.ActiveCfg = RelWithDebInfo|x64
		{3967CC41-A6F2-33AD-8E89-D0664C6A3FBF}.RelWithDebInfo|x64.Build.0 = RelWithDebInfo|x64
		{CBC6ED67-E1D2-3B8B-82E3-1AA0C66577FB}.Debug|x64.ActiveCfg = Debug|x64
		{CBC6ED67-E1D2-3B8B-82E3-1AA0C66577FB}.Release|x64.ActiveCfg = Release|x64
		{CBC6ED67-E1D2-3B8B-82E3-1AA0C66577FB}.MinSizeRel|x64.ActiveCfg = MinSizeRel|x64
		{CBC6ED67-E1D2-3B8B-82E3-1AA0C66577FB}.RelWithDebInfo|x64.ActiveCfg = RelWithDebInfo|x64
		{0F312AC8-E683-3EB1-B08E-767A6FBE3890}.Debug|x64.ActiveCfg = Debug|x64
		{0F312AC8-E683-3EB1-B08E-767A6FBE3890}.Release|x64.ActiveCfg = Release|x64
		{0F312AC8-E683-3EB1-B08E-767A6FBE3890}.MinSizeRel|x64.ActiveCfg = MinSizeRel|x64
		{0F312AC8-E683-3EB1-B08E-767A6FBE3890}.RelWithDebInfo|x64.ActiveCfg = RelWithDebInfo|x64
		{C23BC87C-3BAE-3B5D-A412-86D1100681D7}.Debug|x64.ActiveCfg = Debug|x64
		{C23BC87C-3BAE-3B5D-A412-86D1100681D7}.Release|x64.ActiveCfg = Release|x64
		{C23BC87C-3BAE-3B5D-A412-86D1100681D7}.MinSizeRel|x64.ActiveCfg = MinSizeRel|x64
		{C23BC87C-3BAE-3B5D-A412-86D1100681D7}.RelWithDebInfo|x64.ActiveCfg = RelWithDebInfo|x64
		{7E729B5E-AF0C-3578-8645-344806DFF6AB}.Debug|x64.ActiveCfg = Debug|x64
		{7E729B5E-AF0C-3578-8645-344806DFF6AB}.Release|x64.ActiveCfg = Release|x64
		{7E729B5E-AF0C-3578-8645-344806DFF6AB}.MinSizeRel|x64.ActiveCfg = MinSizeRel|x64
		{7E729B5E-AF0C-3578-8645-344806DFF6AB}.RelWithDebInfo|x64.ActiveCfg = RelWithDebInfo|x64
		{6E1A693C-06A8-327B-8701-67415C984577}.Debug|x64.ActiveCfg = Debug|x64
		{6E1A693C-06A8-327B-8701-67415C984577}.Release|x64.ActiveCfg = Release|x64
		{6E1A693C-06A8-327B-8701-67415C984577}.MinSizeRel|x64.ActiveCfg = MinSizeRel|x64
		{6E1A693C-06A8-327B-8701-67415C984577}.RelWithDebInfo|x64.ActiveCfg = RelWithDebInfo|x64
		{4B2D4E31-36E4-3E86-B0DC-864C2A297069}.Debug|x64.ActiveCfg = Debug|x64
		{4B2D4E31-36E4-3E86-B0DC-864C2A297069}.Release|x64.ActiveCfg = Release|x64
		{4B2D4E31-36E4-3E86-B0DC-864C2A297069}.MinSizeRel|x64.ActiveCfg = MinSizeRel|x64
		{4B2D4E31-36E4-3E86-B0DC-864C2A297069}.RelWithDebInfo|x64.ActiveCfg = RelWithDebInfo|x64
		{772AE2A0-1168-3051-B5F4-8254924B5A01}.Debug|x64.ActiveCfg = Debug|x64
		{772AE2A0-1168-3051-B5F4-8254924B5A01}.Debug|x64.Build.0 = Debug|x64
		{772AE2A0-1168-3051-B5F4-8254924B5A01}.Release|x64.ActiveCfg = Release|x64
		{772AE2A0-1168-3051-B5F4-8254924B5A01}.Release|x64.Build.0 = Release|x64
		{772AE2A0-1168-3051-B5F4-8254924B5A01}.MinSizeRel|x64.ActiveCfg = MinSizeRel|x64
		{772AE2A0-1168-3051-B5F4-8254924B5A01}.MinSizeRel|x64.Build.0 = MinSizeRel|x64
		{772AE2A0-1168-3051-B5F4-8254924B5A01}.RelWithDebInfo|x64.ActiveCfg = RelWithDebInfo|x64
		{772AE2A0-1168-3051-B5F4-8254924B5A01}.RelWithDebInfo|x64.Build.0 = RelWithDebInfo|x64
		{D209E81E-EE84-3DCB-9166-8B1B96C66122}.Debug|x64.ActiveCfg = Debug|x64
		{D209E81E-EE84-3DCB-9166-8B1B96C66122}.Debug|x64.Build.0 = Debug|x64
		{D209E81E-EE84-3DCB-9166-8B1B96C66122}.Release|x64.ActiveCfg = Release|x64
		{D209E81E-EE84-3DCB-9166-8B1B96C66122}.Release|x64.Build.0 = Release|x64
		{D209E81E-EE84-3DCB-9166-8B1B96C66122}.MinSizeRel|x64.ActiveCfg = MinSizeRel|x64
		{D209E81E-EE84-3DCB-9166-8B1B96C66122}.MinSizeRel|x64.Build.0 = MinSizeRel|x64
		{D209E81E-EE84-3DCB-9166-8B1B96C66122}.RelWithDebInfo|x64.ActiveCfg = RelWithDebInfo|x64
		{D209E81E-EE84-3DCB-9166-8B1B96C66122}.RelWithDebInfo|x64.Build.0 = RelWithDebInfo|x64
	EndGlobalSection
	GlobalSection(NestedProjects) = preSolution
		{3967CC41-A6F2-33AD-8E89-D0664C6A3FBF} = {8573F721-B2B1-3314-8614-36A5DB5FA80E}
		{C23BC87C-3BAE-3B5D-A412-86D1100681D7} = {8573F721-B2B1-3314-8614-36A5DB5FA80E}
		{4B2D4E31-36E4-3E86-B0DC-864C2A297069} = {8573F721-B2B1-3314-8614-36A5DB5FA80E}
		{772AE2A0-1168-3051-B5F4-8254924B5A01} = {8573F721-B2B1-3314-8614-36A5DB5FA80E}
		{CBC6ED67-E1D2-3B8B-82E3-1AA0C66577FB} = {A56C2981-BF10-3A2C-9B45-D570AFF03042}
		{0F312AC8-E683-3EB1-B08E-767A6FBE3890} = {A56C2981-BF10-3A2C-9B45-D570AFF03042}
		{7E729B5E-AF0C-3578-8645-344806DFF6AB} = {A56C2981-BF10-3A2C-9B45-D570AFF03042}
		{6E1A693C-06A8-327B-8701-67415C984577} = {A56C2981-BF10-3A2C-9B45-D570AFF03042}
	EndGlobalSection
	GlobalSection(ExtensibilityGlobals) = postSolution
		SolutionGuid = {8052C4A7-2922-3A16-AB0F-926CD5D83626}
	EndGlobalSection
	GlobalSection(ExtensibilityAddIns) = postSolution
	EndGlobalSection
EndGlobal
