<?xml version="1.0" encoding="utf-8"?>
<Project ToolsVersion="17.0" xmlns="http://schemas.microsoft.com/developer/msbuild/2003">
  <ItemGroup>
    <ClCompile Include="C:\dev\utils\lib\src\logger\spdlog_logger.cc">
      <Filter>src\logger</Filter>
    </ClCompile>
    <ClCompile Include="C:\dev\utils\lib\src\serialization\deserializer.cc">
      <Filter>src\serialization</Filter>
    </ClCompile>
    <ClCompile Include="C:\dev\utils\lib\src\serialization\serializer.cc">
      <Filter>src\serialization</Filter>
    </ClCompile>
    <ClCompile Include="C:\dev\utils\lib\src\condition_variable.cc">
      <Filter>src</Filter>
    </ClCompile>
    <ClCompile Include="C:\dev\utils\lib\src\log.cc">
      <Filter>src</Filter>
    </ClCompile>
  </ItemGroup>
  <ItemGroup>
    <ClInclude Include="C:\dev\utils\lib\include\wormhole\utils\condition_variable.h">
      <Filter>include\wormhole\utils</Filter>
    </ClInclude>
    <ClInclude Include="C:\dev\utils\lib\include\wormhole\utils\defer_call.h">
      <Filter>include\wormhole\utils</Filter>
    </ClInclude>
    <ClInclude Include="C:\dev\utils\lib\include\wormhole\utils\fast_pimpl.h">
      <Filter>include\wormhole\utils</Filter>
    </ClInclude>
    <ClInclude Include="C:\dev\utils\lib\include\wormhole\utils\log.h">
      <Filter>include\wormhole\utils</Filter>
    </ClInclude>
    <ClInclude Include="C:\dev\utils\lib\include\wormhole\utils\to_integral.h">
      <Filter>include\wormhole\utils</Filter>
    </ClInclude>
    <ClInclude Include="C:\dev\utils\lib\include\wormhole\utils\traits.h">
      <Filter>include\wormhole\utils</Filter>
    </ClInclude>
    <ClInclude Include="C:\dev\utils\lib\include\wormhole\utils\logger\ilogger.h">
      <Filter>include\wormhole\utils\logger</Filter>
    </ClInclude>
    <ClInclude Include="C:\dev\utils\lib\include\wormhole\utils\logger\level.h">
      <Filter>include\wormhole\utils\logger</Filter>
    </ClInclude>
    <ClInclude Include="C:\dev\utils\lib\include\wormhole\utils\logger\spdlog_logger.h">
      <Filter>include\wormhole\utils\logger</Filter>
    </ClInclude>
    <ClInclude Include="C:\dev\utils\lib\include\wormhole\utils\serialization\deserializer.h">
      <Filter>include\wormhole\utils\serialization</Filter>
    </ClInclude>
    <ClInclude Include="C:\dev\utils\lib\include\wormhole\utils\serialization\serializer.h">
      <Filter>include\wormhole\utils\serialization</Filter>
    </ClInclude>
  </ItemGroup>
  <ItemGroup>
    <CustomBuild Include="C:\dev\utils\lib\CMakeLists.txt" />
  </ItemGroup>
  <ItemGroup>
    <Filter Include="include">
      <UniqueIdentifier>{CB1CDD4B-DA1B-3FDF-A7A1-E79E64C82AD1}</UniqueIdentifier>
    </Filter>
    <Filter Include="include\wormhole">
      <UniqueIdentifier>{8A10FADC-1500-31E2-B37A-CAC886067903}</UniqueIdentifier>
    </Filter>
    <Filter Include="include\wormhole\utils">
      <UniqueIdentifier>{FD6FF446-B518-3B7A-A3EC-10019F44C23B}</UniqueIdentifier>
    </Filter>
    <Filter Include="include\wormhole\utils\logger">
      <UniqueIdentifier>{022C61DF-D95E-3077-9EBA-5C92DE2010C6}</UniqueIdentifier>
    </Filter>
    <Filter Include="include\wormhole\utils\serialization">
      <UniqueIdentifier>{E8EC6377-EE28-3686-9A1D-037373AEC7DC}</UniqueIdentifier>
    </Filter>
    <Filter Include="src">
      <UniqueIdentifier>{2E570F42-5663-36BA-8CAB-5CC1394AA8BE}</UniqueIdentifier>
    </Filter>
    <Filter Include="src\logger">
      <UniqueIdentifier>{B59701C6-03FF-32A1-ACBA-A0E061C36C78}</UniqueIdentifier>
    </Filter>
    <Filter Include="src\serialization">
      <UniqueIdentifier>{3B0F9041-4229-3C26-8B67-A0007605D724}</UniqueIdentifier>
    </Filter>
  </ItemGroup>
</Project>
