
Microsoft Visual Studio Solution File, Format Version 12.00
# Visual Studio Version 17
Project("{2150E333-8FDC-42A3-9474-1A3956D46DE8}") = "CMakePredefinedTargets", "CMakePredefinedTargets", "{551D39F7-D9D8-3E91-A936-2C4F105ED6BF}"
EndProject
Project("{2150E333-8FDC-42A3-9474-1A3956D46DE8}") = "CTestDashboardTargets", "CTestDashboardTargets", "{AF343E23-6078-37E6-ACA8-A45FD0A96763}"
EndProject
Project("{8BC9CEB8-8B4A-11D0-8D11-00A0C91BC942}") = "ALL_BUILD", "ALL_BUILD.vcxproj", "{FD1C653A-873C-32C7-8B64-E48E0511366F}"
	ProjectSection(ProjectDependencies) = postProject
		{DE1B5D62-6FF5-311A-9BFD-7DD63087A820} = {DE1B5D62-6FF5-311A-9BFD-7DD63087A820}
		{66AFE5EE-E4F4-332E-BF3B-F2841B6F68EF} = {66AFE5EE-E4F4-332E-BF3B-F2841B6F68EF}
	EndProjectSection
EndProject
Project("{8BC9CEB8-8B4A-11D0-8D11-00A0C91BC942}") = "Continuous", "Continuous.vcxproj", "{10CF66DC-BC8C-3B88-9D3F-9BD30A0C2D1B}"
	ProjectSection(ProjectDependencies) = postProject
		{DE1B5D62-6FF5-311A-9BFD-7DD63087A820} = {DE1B5D62-6FF5-311A-9BFD-7DD63087A820}
	EndProjectSection
EndProject
Project("{8BC9CEB8-8B4A-11D0-8D11-00A0C91BC942}") = "Experimental", "Experimental.vcxproj", "{648B60D9-3460-311E-926B-5EB8AD36585D}"
	ProjectSection(ProjectDependencies) = postProject
		{DE1B5D62-6FF5-311A-9BFD-7DD63087A820} = {DE1B5D62-6FF5-311A-9BFD-7DD63087A820}
	EndProjectSection
EndProject
Project("{8BC9CEB8-8B4A-11D0-8D11-00A0C91BC942}") = "INSTALL", "INSTALL.vcxproj", "{E2979E07-17B2-3BCD-80C8-ECDA3354FF24}"
	ProjectSection(ProjectDependencies) = postProject
		{FD1C653A-873C-32C7-8B64-E48E0511366F} = {FD1C653A-873C-32C7-8B64-E48E0511366F}
		{DE1B5D62-6FF5-311A-9BFD-7DD63087A820} = {DE1B5D62-6FF5-311A-9BFD-7DD63087A820}
	EndProjectSection
EndProject
Project("{8BC9CEB8-8B4A-11D0-8D11-00A0C91BC942}") = "Nightly", "Nightly.vcxproj", "{AF597945-AA17-3BD7-859D-CEDF7B464B85}"
	ProjectSection(ProjectDependencies) = postProject
		{DE1B5D62-6FF5-311A-9BFD-7DD63087A820} = {DE1B5D62-6FF5-311A-9BFD-7DD63087A820}
	EndProjectSection
EndProject
Project("{8BC9CEB8-8B4A-11D0-8D11-00A0C91BC942}") = "NightlyMemoryCheck", "NightlyMemoryCheck.vcxproj", "{D412E6B6-F501-3ECF-A1B8-9BA933C6A5A5}"
	ProjectSection(ProjectDependencies) = postProject
		{DE1B5D62-6FF5-311A-9BFD-7DD63087A820} = {DE1B5D62-6FF5-311A-9BFD-7DD63087A820}
	EndProjectSection
EndProject
Project("{8BC9CEB8-8B4A-11D0-8D11-00A0C91BC942}") = "RUN_TESTS", "RUN_TESTS.vcxproj", "{7E47F923-A734-3D39-9007-63841E93DDC7}"
	ProjectSection(ProjectDependencies) = postProject
		{DE1B5D62-6FF5-311A-9BFD-7DD63087A820} = {DE1B5D62-6FF5-311A-9BFD-7DD63087A820}
	EndProjectSection
EndProject
Project("{8BC9CEB8-8B4A-11D0-8D11-00A0C91BC942}") = "ZERO_CHECK", "ZERO_CHECK.vcxproj", "{DE1B5D62-6FF5-311A-9BFD-7DD63087A820}"
	ProjectSection(ProjectDependencies) = postProject
	EndProjectSection
EndProject
Project("{8BC9CEB8-8B4A-11D0-8D11-00A0C91BC942}") = "utils", "lib\utils.vcxproj", "{66AFE5EE-E4F4-332E-BF3B-F2841B6F68EF}"
	ProjectSection(ProjectDependencies) = postProject
		{DE1B5D62-6FF5-311A-9BFD-7DD63087A820} = {DE1B5D62-6FF5-311A-9BFD-7DD63087A820}
	EndProjectSection
EndProject
Global
	GlobalSection(SolutionConfigurationPlatforms) = preSolution
		Debug|x64 = Debug|x64
		Release|x64 = Release|x64
		MinSizeRel|x64 = MinSizeRel|x64
		RelWithDebInfo|x64 = RelWithDebInfo|x64
	EndGlobalSection
	GlobalSection(ProjectConfigurationPlatforms) = postSolution
		{FD1C653A-873C-32C7-8B64-E48E0511366F}.Debug|x64.ActiveCfg = Debug|x64
		{FD1C653A-873C-32C7-8B64-E48E0511366F}.Debug|x64.Build.0 = Debug|x64
		{FD1C653A-873C-32C7-8B64-E48E0511366F}.Release|x64.ActiveCfg = Release|x64
		{FD1C653A-873C-32C7-8B64-E48E0511366F}.Release|x64.Build.0 = Release|x64
		{FD1C653A-873C-32C7-8B64-E48E0511366F}.MinSizeRel|x64.ActiveCfg = MinSizeRel|x64
		{FD1C653A-873C-32C7-8B64-E48E0511366F}.MinSizeRel|x64.Build.0 = MinSizeRel|x64
		{FD1C653A-873C-32C7-8B64-E48E0511366F}.RelWithDebInfo|x64.ActiveCfg = RelWithDebInfo|x64
		{FD1C653A-873C-32C7-8B64-E48E0511366F}.RelWithDebInfo|x64.Build.0 = RelWithDebInfo|x64
		{10CF66DC-BC8C-3B88-9D3F-9BD30A0C2D1B}.Debug|x64.ActiveCfg = Debug|x64
		{10CF66DC-BC8C-3B88-9D3F-9BD30A0C2D1B}.Release|x64.ActiveCfg = Release|x64
		{10CF66DC-BC8C-3B88-9D3F-9BD30A0C2D1B}.MinSizeRel|x64.ActiveCfg = MinSizeRel|x64
		{10CF66DC-BC8C-3B88-9D3F-9BD30A0C2D1B}.RelWithDebInfo|x64.ActiveCfg = RelWithDebInfo|x64
		{648B60D9-3460-311E-926B-5EB8AD36585D}.Debug|x64.ActiveCfg = Debug|x64
		{648B60D9-3460-311E-926B-5EB8AD36585D}.Release|x64.ActiveCfg = Release|x64
		{648B60D9-3460-311E-926B-5EB8AD36585D}.MinSizeRel|x64.ActiveCfg = MinSizeRel|x64
		{648B60D9-3460-311E-926B-5EB8AD36585D}.RelWithDebInfo|x64.ActiveCfg = RelWithDebInfo|x64
		{E2979E07-17B2-3BCD-80C8-ECDA3354FF24}.Debug|x64.ActiveCfg = Debug|x64
		{E2979E07-17B2-3BCD-80C8-ECDA3354FF24}.Release|x64.ActiveCfg = Release|x64
		{E2979E07-17B2-3BCD-80C8-ECDA3354FF24}.MinSizeRel|x64.ActiveCfg = MinSizeRel|x64
		{E2979E07-17B2-3BCD-80C8-ECDA3354FF24}.RelWithDebInfo|x64.ActiveCfg = RelWithDebInfo|x64
		{AF597945-AA17-3BD7-859D-CEDF7B464B85}.Debug|x64.ActiveCfg = Debug|x64
		{AF597945-AA17-3BD7-859D-CEDF7B464B85}.Release|x64.ActiveCfg = Release|x64
		{AF597945-AA17-3BD7-859D-CEDF7B464B85}.MinSizeRel|x64.ActiveCfg = MinSizeRel|x64
		{AF597945-AA17-3BD7-859D-CEDF7B464B85}.RelWithDebInfo|x64.ActiveCfg = RelWithDebInfo|x64
		{D412E6B6-F501-3ECF-A1B8-9BA933C6A5A5}.Debug|x64.ActiveCfg = Debug|x64
		{D412E6B6-F501-3ECF-A1B8-9BA933C6A5A5}.Release|x64.ActiveCfg = Release|x64
		{D412E6B6-F501-3ECF-A1B8-9BA933C6A5A5}.MinSizeRel|x64.ActiveCfg = MinSizeRel|x64
		{D412E6B6-F501-3ECF-A1B8-9BA933C6A5A5}.RelWithDebInfo|x64.ActiveCfg = RelWithDebInfo|x64
		{7E47F923-A734-3D39-9007-63841E93DDC7}.Debug|x64.ActiveCfg = Debug|x64
		{7E47F923-A734-3D39-9007-63841E93DDC7}.Release|x64.ActiveCfg = Release|x64
		{7E47F923-A734-3D39-9007-63841E93DDC7}.MinSizeRel|x64.ActiveCfg = MinSizeRel|x64
		{7E47F923-A734-3D39-9007-63841E93DDC7}.RelWithDebInfo|x64.ActiveCfg = RelWithDebInfo|x64
		{DE1B5D62-6FF5-311A-9BFD-7DD63087A820}.Debug|x64.ActiveCfg = Debug|x64
		{DE1B5D62-6FF5-311A-9BFD-7DD63087A820}.Debug|x64.Build.0 = Debug|x64
		{DE1B5D62-6FF5-311A-9BFD-7DD63087A820}.Release|x64.ActiveCfg = Release|x64
		{DE1B5D62-6FF5-311A-9BFD-7DD63087A820}.Release|x64.Build.0 = Release|x64
		{DE1B5D62-6FF5-311A-9BFD-7DD63087A820}.MinSizeRel|x64.ActiveCfg = MinSizeRel|x64
		{DE1B5D62-6FF5-311A-9BFD-7DD63087A820}.MinSizeRel|x64.Build.0 = MinSizeRel|x64
		{DE1B5D62-6FF5-311A-9BFD-7DD63087A820}.RelWithDebInfo|x64.ActiveCfg = RelWithDebInfo|x64
		{DE1B5D62-6FF5-311A-9BFD-7DD63087A820}.RelWithDebInfo|x64.Build.0 = RelWithDebInfo|x64
		{66AFE5EE-E4F4-332E-BF3B-F2841B6F68EF}.Debug|x64.ActiveCfg = Debug|x64
		{66AFE5EE-E4F4-332E-BF3B-F2841B6F68EF}.Debug|x64.Build.0 = Debug|x64
		{66AFE5EE-E4F4-332E-BF3B-F2841B6F68EF}.Release|x64.ActiveCfg = Release|x64
		{66AFE5EE-E4F4-332E-BF3B-F2841B6F68EF}.Release|x64.Build.0 = Release|x64
		{66AFE5EE-E4F4-332E-BF3B-F2841B6F68EF}.MinSizeRel|x64.ActiveCfg = MinSizeRel|x64
		{66AFE5EE-E4F4-332E-BF3B-F2841B6F68EF}.MinSizeRel|x64.Build.0 = MinSizeRel|x64
		{66AFE5EE-E4F4-332E-BF3B-F2841B6F68EF}.RelWithDebInfo|x64.ActiveCfg = RelWithDebInfo|x64
		{66AFE5EE-E4F4-332E-BF3B-F2841B6F68EF}.RelWithDebInfo|x64.Build.0 = RelWithDebInfo|x64
	EndGlobalSection
	GlobalSection(NestedProjects) = preSolution
		{FD1C653A-873C-32C7-8B64-E48E0511366F} = {551D39F7-D9D8-3E91-A936-2C4F105ED6BF}
		{E2979E07-17B2-3BCD-80C8-ECDA3354FF24} = {551D39F7-D9D8-3E91-A936-2C4F105ED6BF}
		{7E47F923-A734-3D39-9007-63841E93DDC7} = {551D39F7-D9D8-3E91-A936-2C4F105ED6BF}
		{DE1B5D62-6FF5-311A-9BFD-7DD63087A820} = {551D39F7-D9D8-3E91-A936-2C4F105ED6BF}
		{10CF66DC-BC8C-3B88-9D3F-9BD30A0C2D1B} = {AF343E23-6078-37E6-ACA8-A45FD0A96763}
		{648B60D9-3460-311E-926B-5EB8AD36585D} = {AF343E23-6078-37E6-ACA8-A45FD0A96763}
		{AF597945-AA17-3BD7-859D-CEDF7B464B85} = {AF343E23-6078-37E6-ACA8-A45FD0A96763}
		{D412E6B6-F501-3ECF-A1B8-9BA933C6A5A5} = {AF343E23-6078-37E6-ACA8-A45FD0A96763}
	EndGlobalSection
	GlobalSection(ExtensibilityGlobals) = postSolution
		SolutionGuid = {60D4210A-C370-3FA8-9CED-710C62E3D8E6}
	EndGlobalSection
	GlobalSection(ExtensibilityAddIns) = postSolution
	EndGlobalSection
EndGlobal
